// !$*UTF8*$!
{
	archiveVersion = 1;
	classes = {
	};
	objectVersion = 51;
	objects = {

/* Begin PBXBuildFile section */
		0C1F061D23A097B800B71E02 /* MeVC.swift in Sources */ = {isa = PBXBuildFile; fileRef = 0C1F061C23A097B800B71E02 /* MeVC.swift */; };
		0C27C85923993E600012D3BA /* DataService.swift in Sources */ = {isa = PBXBuildFile; fileRef = 0C27C85823993E600012D3BA /* DataService.swift */; };
		0C2F21AE2387B2E100BB7B35 /* AppDelegate.swift in Sources */ = {isa = PBXBuildFile; fileRef = 0C2F21AD2387B2E100BB7B35 /* AppDelegate.swift */; };
		0C2F21B02387B2E100BB7B35 /* FeedVC.swift in Sources */ = {isa = PBXBuildFile; fileRef = 0C2F21AF2387B2E100BB7B35 /* FeedVC.swift */; };
		0C2F21B22387B2E100BB7B35 /* GroupsVC.swift in Sources */ = {isa = PBXBuildFile; fileRef = 0C2F21B12387B2E100BB7B35 /* GroupsVC.swift */; };
		0C2F21B52387B2E100BB7B35 /* Main.storyboard in Resources */ = {isa = PBXBuildFile; fileRef = 0C2F21B32387B2E100BB7B35 /* Main.storyboard */; };
		0C2F21B72387B2E400BB7B35 /* Assets.xcassets in Resources */ = {isa = PBXBuildFile; fileRef = 0C2F21B62387B2E400BB7B35 /* Assets.xcassets */; };
		0C2F21BA2387B2E400BB7B35 /* LaunchScreen.storyboard in Resources */ = {isa = PBXBuildFile; fileRef = 0C2F21B82387B2E400BB7B35 /* LaunchScreen.storyboard */; };
		0C956EBF23A4C93E00A327F0 /* UIViewExt.swift in Sources */ = {isa = PBXBuildFile; fileRef = 0C956EBE23A4C93E00A327F0 /* UIViewExt.swift */; };
		0CAD1340239BED5000501692 /* AuthVC.swift in Sources */ = {isa = PBXBuildFile; fileRef = 0CAD133F239BED5000501692 /* AuthVC.swift */; };
		0CAD1342239BED9700501692 /* LoginVC.swift in Sources */ = {isa = PBXBuildFile; fileRef = 0CAD1341239BED9700501692 /* LoginVC.swift */; };
		0CAD1344239BEDE900501692 /* InsetTextField.swift in Sources */ = {isa = PBXBuildFile; fileRef = 0CAD1343239BEDE900501692 /* InsetTextField.swift */; };
		0CAD1346239BF1BC00501692 /* ShadowView.swift in Sources */ = {isa = PBXBuildFile; fileRef = 0CAD1345239BF1BC00501692 /* ShadowView.swift */; };
		0CB8DF55238C961E00883325 /* GoogleService-Info.plist in Resources */ = {isa = PBXBuildFile; fileRef = 0CB8DF54238C961E00883325 /* GoogleService-Info.plist */; };
		0CCB1A24239E7F1600FBA4CE /* AuthService.swift in Sources */ = {isa = PBXBuildFile; fileRef = 0CCB1A23239E7F1600FBA4CE /* AuthService.swift */; };
		0CD4A78023A3CB130023DA6B /* CreatePostVC.swift in Sources */ = {isa = PBXBuildFile; fileRef = 0CD4A77F23A3CB130023DA6B /* CreatePostVC.swift */; };
		9F8F38D49736C51B353D91DE /* Pods_breakpoint.framework in Frameworks */ = {isa = PBXBuildFile; fileRef = 9DECC3726844D899B9C234FB /* Pods_breakpoint.framework */; };
/* End PBXBuildFile section */

/* Begin PBXFileReference section */
		078F95180FFCFF0D3E214278 /* Pods-breakpoint.release.xcconfig */ = {isa = PBXFileReference; includeInIndex = 1; lastKnownFileType = text.xcconfig; name = "Pods-breakpoint.release.xcconfig"; path = "Target Support Files/Pods-breakpoint/Pods-breakpoint.release.xcconfig"; sourceTree = "<group>"; };
		0C1F061C23A097B800B71E02 /* MeVC.swift */ = {isa = PBXFileReference; lastKnownFileType = sourcecode.swift; path = MeVC.swift; sourceTree = "<group>"; };
		0C27C85823993E600012D3BA /* DataService.swift */ = {isa = PBXFileReference; lastKnownFileType = sourcecode.swift; path = DataService.swift; sourceTree = "<group>"; };
		0C2F21AA2387B2E100BB7B35 /* breakpoint.app */ = {isa = PBXFileReference; explicitFileType = wrapper.application; includeInIndex = 0; path = breakpoint.app; sourceTree = BUILT_PRODUCTS_DIR; };
		0C2F21AD2387B2E100BB7B35 /* AppDelegate.swift */ = {isa = PBXFileReference; lastKnownFileType = sourcecode.swift; path = AppDelegate.swift; sourceTree = "<group>"; };
		0C2F21AF2387B2E100BB7B35 /* FeedVC.swift */ = {isa = PBXFileReference; lastKnownFileType = sourcecode.swift; path = FeedVC.swift; sourceTree = "<group>"; };
		0C2F21B12387B2E100BB7B35 /* GroupsVC.swift */ = {isa = PBXFileReference; lastKnownFileType = sourcecode.swift; path = GroupsVC.swift; sourceTree = "<group>"; };
		0C2F21B42387B2E100BB7B35 /* Base */ = {isa = PBXFileReference; lastKnownFileType = file.storyboard; name = Base; path = Base.lproj/Main.storyboard; sourceTree = "<group>"; };
		0C2F21B62387B2E400BB7B35 /* Assets.xcassets */ = {isa = PBXFileReference; lastKnownFileType = folder.assetcatalog; path = Assets.xcassets; sourceTree = "<group>"; };
		0C2F21B92387B2E400BB7B35 /* Base */ = {isa = PBXFileReference; lastKnownFileType = file.storyboard; name = Base; path = Base.lproj/LaunchScreen.storyboard; sourceTree = "<group>"; };
		0C2F21BB2387B2E400BB7B35 /* Info.plist */ = {isa = PBXFileReference; lastKnownFileType = text.plist.xml; path = Info.plist; sourceTree = "<group>"; };
		0C956EBE23A4C93E00A327F0 /* UIViewExt.swift */ = {isa = PBXFileReference; lastKnownFileType = sourcecode.swift; path = UIViewExt.swift; sourceTree = "<group>"; };
		0CAD133F239BED5000501692 /* AuthVC.swift */ = {isa = PBXFileReference; lastKnownFileType = sourcecode.swift; path = AuthVC.swift; sourceTree = "<group>"; };
		0CAD1341239BED9700501692 /* LoginVC.swift */ = {isa = PBXFileReference; lastKnownFileType = sourcecode.swift; path = LoginVC.swift; sourceTree = "<group>"; };
		0CAD1343239BEDE900501692 /* InsetTextField.swift */ = {isa = PBXFileReference; lastKnownFileType = sourcecode.swift; path = InsetTextField.swift; sourceTree = "<group>"; };
		0CAD1345239BF1BC00501692 /* ShadowView.swift */ = {isa = PBXFileReference; lastKnownFileType = sourcecode.swift; path = ShadowView.swift; sourceTree = "<group>"; };
		0CB8DF54238C961E00883325 /* GoogleService-Info.plist */ = {isa = PBXFileReference; fileEncoding = 4; lastKnownFileType = text.plist.xml; name = "GoogleService-Info.plist"; path = "../../../../Downloads/GoogleService-Info.plist"; sourceTree = "<group>"; };
		0CCB1A23239E7F1600FBA4CE /* AuthService.swift */ = {isa = PBXFileReference; lastKnownFileType = sourcecode.swift; path = AuthService.swift; sourceTree = "<group>"; };
		0CD4A77F23A3CB130023DA6B /* CreatePostVC.swift */ = {isa = PBXFileReference; lastKnownFileType = sourcecode.swift; path = CreatePostVC.swift; sourceTree = "<group>"; };
		9DECC3726844D899B9C234FB /* Pods_breakpoint.framework */ = {isa = PBXFileReference; explicitFileType = wrapper.framework; includeInIndex = 0; path = Pods_breakpoint.framework; sourceTree = BUILT_PRODUCTS_DIR; };
		C2BA748992513FA58896B596 /* Pods-breakpoint.debug.xcconfig */ = {isa = PBXFileReference; includeInIndex = 1; lastKnownFileType = text.xcconfig; name = "Pods-breakpoint.debug.xcconfig"; path = "Target Support Files/Pods-breakpoint/Pods-breakpoint.debug.xcconfig"; sourceTree = "<group>"; };
/* End PBXFileReference section */

/* Begin PBXFrameworksBuildPhase section */
		0C2F21A72387B2E100BB7B35 /* Frameworks */ = {
			isa = PBXFrameworksBuildPhase;
			buildActionMask = 2147483647;
			files = (
				9F8F38D49736C51B353D91DE /* Pods_breakpoint.framework in Frameworks */,
			);
			runOnlyForDeploymentPostprocessing = 0;
		};
/* End PBXFrameworksBuildPhase section */

/* Begin PBXGroup section */
		0B058DCA5B961C6A10FE7896 /* Pods */ = {
			isa = PBXGroup;
			children = (
				C2BA748992513FA58896B596 /* Pods-breakpoint.debug.xcconfig */,
				078F95180FFCFF0D3E214278 /* Pods-breakpoint.release.xcconfig */,
			);
			path = Pods;
			sourceTree = "<group>";
		};
		0C2F21A12387B2E100BB7B35 = {
			isa = PBXGroup;
			children = (
				0C2F21AC2387B2E100BB7B35 /* breakpoint */,
				0C2F21AB2387B2E100BB7B35 /* Products */,
				0B058DCA5B961C6A10FE7896 /* Pods */,
				EBFF8DCE75C0C0DA99A41D52 /* Frameworks */,
			);
			sourceTree = "<group>";
		};
		0C2F21AB2387B2E100BB7B35 /* Products */ = {
			isa = PBXGroup;
			children = (
				0C2F21AA2387B2E100BB7B35 /* breakpoint.app */,
			);
			name = Products;
			sourceTree = "<group>";
		};
		0C2F21AC2387B2E100BB7B35 /* breakpoint */ = {
			isa = PBXGroup;
			children = (
				0C2F21C52387B37800BB7B35 /* Services */,
				0C2F21C42387B35D00BB7B35 /* Extensions */,
				0C2F21C32387B35000BB7B35 /* Model */,
				0C2F21C22387B34700BB7B35 /* View */,
				0C2F21C12387B32600BB7B35 /* Controller */,
				0C2F21AD2387B2E100BB7B35 /* AppDelegate.swift */,
				0C2F21B32387B2E100BB7B35 /* Main.storyboard */,
				0CB8DF54238C961E00883325 /* GoogleService-Info.plist */,
				0C2F21B62387B2E400BB7B35 /* Assets.xcassets */,
				0C2F21B82387B2E400BB7B35 /* LaunchScreen.storyboard */,
				0C2F21BB2387B2E400BB7B35 /* Info.plist */,
			);
			path = breakpoint;
			sourceTree = "<group>";
		};
		0C2F21C12387B32600BB7B35 /* Controller */ = {
			isa = PBXGroup;
			children = (
				0C2F21AF2387B2E100BB7B35 /* FeedVC.swift */,
				0C2F21B12387B2E100BB7B35 /* GroupsVC.swift */,
				0CAD133F239BED5000501692 /* AuthVC.swift */,
				0CAD1341239BED9700501692 /* LoginVC.swift */,
				0C1F061C23A097B800B71E02 /* MeVC.swift */,
				0CD4A77F23A3CB130023DA6B /* CreatePostVC.swift */,
			);
			path = Controller;
			sourceTree = "<group>";
		};
		0C2F21C22387B34700BB7B35 /* View */ = {
			isa = PBXGroup;
			children = (
				0CAD1343239BEDE900501692 /* InsetTextField.swift */,
				0CAD1345239BF1BC00501692 /* ShadowView.swift */,
			);
			path = View;
			sourceTree = "<group>";
		};
		0C2F21C32387B35000BB7B35 /* Model */ = {
			isa = PBXGroup;
			children = (
			);
			path = Model;
			sourceTree = "<group>";
		};
		0C2F21C42387B35D00BB7B35 /* Extensions */ = {
			isa = PBXGroup;
			children = (
				0C956EBE23A4C93E00A327F0 /* UIViewExt.swift */,
			);
			path = Extensions;
			sourceTree = "<group>";
		};
		0C2F21C52387B37800BB7B35 /* Services */ = {
			isa = PBXGroup;
			children = (
				0C27C85823993E600012D3BA /* DataService.swift */,
				0CCB1A23239E7F1600FBA4CE /* AuthService.swift */,
			);
			path = Services;
			sourceTree = "<group>";
		};
		EBFF8DCE75C0C0DA99A41D52 /* Frameworks */ = {
			isa = PBXGroup;
			children = (
				9DECC3726844D899B9C234FB /* Pods_breakpoint.framework */,
			);
			name = Frameworks;
			sourceTree = "<group>";
		};
/* End PBXGroup section */

/* Begin PBXNativeTarget section */
		0C2F21A92387B2E100BB7B35 /* breakpoint */ = {
			isa = PBXNativeTarget;
			buildConfigurationList = 0C2F21BE2387B2E400BB7B35 /* Build configuration list for PBXNativeTarget "breakpoint" */;
			buildPhases = (
				A1D23E4FCDEDE7DCA2ABD8AC /* [CP] Check Pods Manifest.lock */,
				0C2F21A62387B2E100BB7B35 /* Sources */,
				0C2F21A72387B2E100BB7B35 /* Frameworks */,
				0C2F21A82387B2E100BB7B35 /* Resources */,
				904903E4CFDCA6B74F30EF4D /* [CP] Embed Pods Frameworks */,
			);
			buildRules = (
			);
			dependencies = (
			);
			name = breakpoint;
			productName = breakpoint;
			productReference = 0C2F21AA2387B2E100BB7B35 /* breakpoint.app */;
			productType = "com.apple.product-type.application";
		};
/* End PBXNativeTarget section */

/* Begin PBXProject section */
		0C2F21A22387B2E100BB7B35 /* Project object */ = {
			isa = PBXProject;
			attributes = {
				LastSwiftUpdateCheck = 1010;
				LastUpgradeCheck = 1010;
				ORGANIZATIONNAME = "Fitri San";
				TargetAttributes = {
					0C2F21A92387B2E100BB7B35 = {
						CreatedOnToolsVersion = 10.1;
					};
				};
			};
			buildConfigurationList = 0C2F21A52387B2E100BB7B35 /* Build configuration list for PBXProject "breakpoint" */;
			compatibilityVersion = "Xcode 9.3";
			developmentRegion = en;
			hasScannedForEncodings = 0;
			knownRegions = (
				en,
				Base,
			);
			mainGroup = 0C2F21A12387B2E100BB7B35;
			productRefGroup = 0C2F21AB2387B2E100BB7B35 /* Products */;
			projectDirPath = "";
			projectRoot = "";
			targets = (
				0C2F21A92387B2E100BB7B35 /* breakpoint */,
			);
		};
/* End PBXProject section */

/* Begin PBXResourcesBuildPhase section */
		0C2F21A82387B2E100BB7B35 /* Resources */ = {
			isa = PBXResourcesBuildPhase;
			buildActionMask = 2147483647;
			files = (
				0C2F21BA2387B2E400BB7B35 /* LaunchScreen.storyboard in Resources */,
				0CB8DF55238C961E00883325 /* GoogleService-Info.plist in Resources */,
				0C2F21B72387B2E400BB7B35 /* Assets.xcassets in Resources */,
				0C2F21B52387B2E100BB7B35 /* Main.storyboard in Resources */,
			);
			runOnlyForDeploymentPostprocessing = 0;
		};
/* End PBXResourcesBuildPhase section */

/* Begin PBXShellScriptBuildPhase section */
		904903E4CFDCA6B74F30EF4D /* [CP] Embed Pods Frameworks */ = {
			isa = PBXShellScriptBuildPhase;
			buildActionMask = 2147483647;
			files = (
			);
			inputFileListPaths = (
				"${PODS_ROOT}/Target Support Files/Pods-breakpoint/Pods-breakpoint-frameworks-${CONFIGURATION}-input-files.xcfilelist",
			);
			name = "[CP] Embed Pods Frameworks";
			outputFileListPaths = (
				"${PODS_ROOT}/Target Support Files/Pods-breakpoint/Pods-breakpoint-frameworks-${CONFIGURATION}-output-files.xcfilelist",
			);
			runOnlyForDeploymentPostprocessing = 0;
			shellPath = /bin/sh;
			shellScript = "\"${PODS_ROOT}/Target Support Files/Pods-breakpoint/Pods-breakpoint-frameworks.sh\"\n";
			showEnvVarsInLog = 0;
		};
		A1D23E4FCDEDE7DCA2ABD8AC /* [CP] Check Pods Manifest.lock */ = {
			isa = PBXShellScriptBuildPhase;
			buildActionMask = 2147483647;
			files = (
			);
			inputFileListPaths = (
			);
			inputPaths = (
				"${PODS_PODFILE_DIR_PATH}/Podfile.lock",
				"${PODS_ROOT}/Manifest.lock",
			);
			name = "[CP] Check Pods Manifest.lock";
			outputFileListPaths = (
			);
			outputPaths = (
				"$(DERIVED_FILE_DIR)/Pods-breakpoint-checkManifestLockResult.txt",
			);
			runOnlyForDeploymentPostprocessing = 0;
			shellPath = /bin/sh;
			shellScript = "diff \"${PODS_PODFILE_DIR_PATH}/Podfile.lock\" \"${PODS_ROOT}/Manifest.lock\" > /dev/null\nif [ $? != 0 ] ; then\n    # print error to STDERR\n    echo \"error: The sandbox is not in sync with the Podfile.lock. Run 'pod install' or update your CocoaPods installation.\" >&2\n    exit 1\nfi\n# This output is used by Xcode 'outputs' to avoid re-running this script phase.\necho \"SUCCESS\" > \"${SCRIPT_OUTPUT_FILE_0}\"\n";
			showEnvVarsInLog = 0;
		};
/* End PBXShellScriptBuildPhase section */

/* Begin PBXSourcesBuildPhase section */
		0C2F21A62387B2E100BB7B35 /* Sources */ = {
			isa = PBXSourcesBuildPhase;
			buildActionMask = 2147483647;
			files = (
				0C956EBF23A4C93E00A327F0 /* UIViewExt.swift in Sources */,
				0C1F061D23A097B800B71E02 /* MeVC.swift in Sources */,
				0CAD1340239BED5000501692 /* AuthVC.swift in Sources */,
				0C2F21B22387B2E100BB7B35 /* GroupsVC.swift in Sources */,
				0CAD1342239BED9700501692 /* LoginVC.swift in Sources */,
				0CCB1A24239E7F1600FBA4CE /* AuthService.swift in Sources */,
				0C2F21AE2387B2E100BB7B35 /* AppDelegate.swift in Sources */,
				0CAD1346239BF1BC00501692 /* ShadowView.swift in Sources */,
				0CD4A78023A3CB130023DA6B /* CreatePostVC.swift in Sources */,
				0C2F21B02387B2E100BB7B35 /* FeedVC.swift in Sources */,
				0CAD1344239BEDE900501692 /* InsetTextField.swift in Sources */,
				0C27C85923993E600012D3BA /* DataService.swift in Sources */,
			);
			runOnlyForDeploymentPostprocessing = 0;
		};
/* End PBXSourcesBuildPhase section */

/* Begin PBXVariantGroup section */
		0C2F21B32387B2E100BB7B35 /* Main.storyboard */ = {
			isa = PBXVariantGroup;
			children = (
				0C2F21B42387B2E100BB7B35 /* Base */,
			);
			name = Main.storyboard;
			sourceTree = "<group>";
		};
		0C2F21B82387B2E400BB7B35 /* LaunchScreen.storyboard */ = {
			isa = PBXVariantGroup;
			children = (
				0C2F21B92387B2E400BB7B35 /* Base */,
			);
			name = LaunchScreen.storyboard;
			sourceTree = "<group>";
		};
/* End PBXVariantGroup section */

/* Begin XCBuildConfiguration section */
		0C2F21BC2387B2E400BB7B35 /* Debug */ = {
			isa = XCBuildConfiguration;
			buildSettings = {
				ALWAYS_SEARCH_USER_PATHS = NO;
				CLANG_ANALYZER_NONNULL = YES;
				CLANG_ANALYZER_NUMBER_OBJECT_CONVERSION = YES_AGGRESSIVE;
				CLANG_CXX_LANGUAGE_STANDARD = "gnu++14";
				CLANG_CXX_LIBRARY = "libc++";
				CLANG_ENABLE_MODULES = YES;
				CLANG_ENABLE_OBJC_ARC = YES;
				CLANG_ENABLE_OBJC_WEAK = YES;
				CLANG_WARN_BLOCK_CAPTURE_AUTORELEASING = YES;
				CLANG_WARN_BOOL_CONVERSION = YES;
				CLANG_WARN_COMMA = YES;
				CLANG_WARN_CONSTANT_CONVERSION = YES;
				CLANG_WARN_DEPRECATED_OBJC_IMPLEMENTATIONS = YES;
				CLANG_WARN_DIRECT_OBJC_ISA_USAGE = YES_ERROR;
				CLANG_WARN_DOCUMENTATION_COMMENTS = YES;
				CLANG_WARN_EMPTY_BODY = YES;
				CLANG_WARN_ENUM_CONVERSION = YES;
				CLANG_WARN_INFINITE_RECURSION = YES;
				CLANG_WARN_INT_CONVERSION = YES;
				CLANG_WARN_NON_LITERAL_NULL_CONVERSION = YES;
				CLANG_WARN_OBJC_IMPLICIT_RETAIN_SELF = YES;
				CLANG_WARN_OBJC_LITERAL_CONVERSION = YES;
				CLANG_WARN_OBJC_ROOT_CLASS = YES_ERROR;
				CLANG_WARN_RANGE_LOOP_ANALYSIS = YES;
				CLANG_WARN_STRICT_PROTOTYPES = YES;
				CLANG_WARN_SUSPICIOUS_MOVE = YES;
				CLANG_WARN_UNGUARDED_AVAILABILITY = YES_AGGRESSIVE;
				CLANG_WARN_UNREACHABLE_CODE = YES;
				CLANG_WARN__DUPLICATE_METHOD_MATCH = YES;
				CODE_SIGN_IDENTITY = "iPhone Developer";
				COPY_PHASE_STRIP = NO;
				DEBUG_INFORMATION_FORMAT = dwarf;
				ENABLE_STRICT_OBJC_MSGSEND = YES;
				ENABLE_TESTABILITY = YES;
				GCC_C_LANGUAGE_STANDARD = gnu11;
				GCC_DYNAMIC_NO_PIC = NO;
				GCC_NO_COMMON_BLOCKS = YES;
				GCC_OPTIMIZATION_LEVEL = 0;
				GCC_PREPROCESSOR_DEFINITIONS = (
					"DEBUG=1",
					"$(inherited)",
				);
				GCC_WARN_64_TO_32_BIT_CONVERSION = YES;
				GCC_WARN_ABOUT_RETURN_TYPE = YES_ERROR;
				GCC_WARN_UNDECLARED_SELECTOR = YES;
				GCC_WARN_UNINITIALIZED_AUTOS = YES_AGGRESSIVE;
				GCC_WARN_UNUSED_FUNCTION = YES;
				GCC_WARN_UNUSED_VARIABLE = YES;
				IPHONEOS_DEPLOYMENT_TARGET = 12.1;
				MTL_ENABLE_DEBUG_INFO = INCLUDE_SOURCE;
				MTL_FAST_MATH = YES;
				ONLY_ACTIVE_ARCH = YES;
				SDKROOT = iphoneos;
				SWIFT_ACTIVE_COMPILATION_CONDITIONS = DEBUG;
				SWIFT_OPTIMIZATION_LEVEL = "-Onone";
			};
			name = Debug;
		};
		0C2F21BD2387B2E400BB7B35 /* Release */ = {
			isa = XCBuildConfiguration;
			buildSettings = {
				ALWAYS_SEARCH_USER_PATHS = NO;
				CLANG_ANALYZER_NONNULL = YES;
				CLANG_ANALYZER_NUMBER_OBJECT_CONVERSION = YES_AGGRESSIVE;
				CLANG_CXX_LANGUAGE_STANDARD = "gnu++14";
				CLANG_CXX_LIBRARY = "libc++";
				CLANG_ENABLE_MODULES = YES;
				CLANG_ENABLE_OBJC_ARC = YES;
				CLANG_ENABLE_OBJC_WEAK = YES;
				CLANG_WARN_BLOCK_CAPTURE_AUTORELEASING = YES;
				CLANG_WARN_BOOL_CONVERSION = YES;
				CLANG_WARN_COMMA = YES;
				CLANG_WARN_CONSTANT_CONVERSION = YES;
				CLANG_WARN_DEPRECATED_OBJC_IMPLEMENTATIONS = YES;
				CLANG_WARN_DIRECT_OBJC_ISA_USAGE = YES_ERROR;
				CLANG_WARN_DOCUMENTATION_COMMENTS = YES;
				CLANG_WARN_EMPTY_BODY = YES;
				CLANG_WARN_ENUM_CONVERSION = YES;
				CLANG_WARN_INFINITE_RECURSION = YES;
				CLANG_WARN_INT_CONVERSION = YES;
				CLANG_WARN_NON_LITERAL_NULL_CONVERSION = YES;
				CLANG_WARN_OBJC_IMPLICIT_RETAIN_SELF = YES;
				CLANG_WARN_OBJC_LITERAL_CONVERSION = YES;
				CLANG_WARN_OBJC_ROOT_CLASS = YES_ERROR;
				CLANG_WARN_RANGE_LOOP_ANALYSIS = YES;
				CLANG_WARN_STRICT_PROTOTYPES = YES;
				CLANG_WARN_SUSPICIOUS_MOVE = YES;
				CLANG_WARN_UNGUARDED_AVAILABILITY = YES_AGGRESSIVE;
				CLANG_WARN_UNREACHABLE_CODE = YES;
				CLANG_WARN__DUPLICATE_METHOD_MATCH = YES;
				CODE_SIGN_IDENTITY = "iPhone Developer";
				COPY_PHASE_STRIP = NO;
				DEBUG_INFORMATION_FORMAT = "dwarf-with-dsym";
				ENABLE_NS_ASSERTIONS = NO;
				ENABLE_STRICT_OBJC_MSGSEND = YES;
				GCC_C_LANGUAGE_STANDARD = gnu11;
				GCC_NO_COMMON_BLOCKS = YES;
				GCC_WARN_64_TO_32_BIT_CONVERSION = YES;
				GCC_WARN_ABOUT_RETURN_TYPE = YES_ERROR;
				GCC_WARN_UNDECLARED_SELECTOR = YES;
				GCC_WARN_UNINITIALIZED_AUTOS = YES_AGGRESSIVE;
				GCC_WARN_UNUSED_FUNCTION = YES;
				GCC_WARN_UNUSED_VARIABLE = YES;
				IPHONEOS_DEPLOYMENT_TARGET = 12.1;
				MTL_ENABLE_DEBUG_INFO = NO;
				MTL_FAST_MATH = YES;
				SDKROOT = iphoneos;
				SWIFT_COMPILATION_MODE = wholemodule;
				SWIFT_OPTIMIZATION_LEVEL = "-O";
				VALIDATE_PRODUCT = YES;
			};
			name = Release;
		};
		0C2F21BF2387B2E400BB7B35 /* Debug */ = {
			isa = XCBuildConfiguration;
			baseConfigurationReference = C2BA748992513FA58896B596 /* Pods-breakpoint.debug.xcconfig */;
			buildSettings = {
				ASSETCATALOG_COMPILER_APPICON_NAME = AppIcon;
				CODE_SIGN_STYLE = Automatic;
				DEVELOPMENT_TEAM = KLP339SJZ5;
				INFOPLIST_FILE = breakpoint/Info.plist;
				LD_RUNPATH_SEARCH_PATHS = (
					"$(inherited)",
					"@executable_path/Frameworks",
				);
				PRODUCT_BUNDLE_IDENTIFIER = com.piteli.breakpoint;
				PRODUCT_NAME = "$(TARGET_NAME)";
				SWIFT_VERSION = 4.2;
				TARGETED_DEVICE_FAMILY = "1,2";
			};
			name = Debug;
		};
		0C2F21C02387B2E400BB7B35 /* Release */ = {
			isa = XCBuildConfiguration;
			baseConfigurationReference = 078F95180FFCFF0D3E214278 /* Pods-breakpoint.release.xcconfig */;
			buildSettings = {
				ASSETCATALOG_COMPILER_APPICON_NAME = AppIcon;
				CODE_SIGN_STYLE = Automatic;
				DEVELOPMENT_TEAM = KLP339SJZ5;
				INFOPLIST_FILE = breakpoint/Info.plist;
				LD_RUNPATH_SEARCH_PATHS = (
					"$(inherited)",
					"@executable_path/Frameworks",
				);
				PRODUCT_BUNDLE_IDENTIFIER = com.piteli.breakpoint;
				PRODUCT_NAME = "$(TARGET_NAME)";
				SWIFT_VERSION = 4.2;
				TARGETED_DEVICE_FAMILY = "1,2";
			};
			name = Release;
		};
/* End XCBuildConfiguration section */

/* Begin XCConfigurationList section */
		0C2F21A52387B2E100BB7B35 /* Build configuration list for PBXProject "breakpoint" */ = {
			isa = XCConfigurationList;
			buildConfigurations = (
				0C2F21BC2387B2E400BB7B35 /* Debug */,
				0C2F21BD2387B2E400BB7B35 /* Release */,
			);
			defaultConfigurationIsVisible = 0;
			defaultConfigurationName = Release;
		};
		0C2F21BE2387B2E400BB7B35 /* Build configuration list for PBXNativeTarget "breakpoint" */ = {
			isa = XCConfigurationList;
			buildConfigurations = (
				0C2F21BF2387B2E400BB7B35 /* Debug */,
				0C2F21C02387B2E400BB7B35 /* Release */,
			);
			defaultConfigurationIsVisible = 0;
			defaultConfigurationName = Release;
		};
/* End XCConfigurationList section */
	};
	rootObject = 0C2F21A22387B2E100BB7B35 /* Project object */;
}
